
Microsoft Visual Studio Solution File, Format Version 12.00
# Visual Studio Version 17
VisualStudioVersion = 17.9.34714.143
MinimumVisualStudioVersion = 10.0.40219.1
Project("{FAE04EC0-301F-11D3-BF4B-00C04F79EFBC}") = "Proyecto 01", "Proyecto 01\Proyecto 01.csproj", "{EBEB2ECD-2EE0-4B21-A20F-106F03DCB792}"
EndProject
Project("{FAE04EC0-301F-11D3-BF4B-00C04F79EFBC}") = "Proyecto 02", "Proyecto 02\Proyecto 02.csproj", "{F644D74F-4B78-41B4-8311-E2D937AD9E1A}"
EndProject
Project("{FAE04EC0-301F-11D3-BF4B-00C04F79EFBC}") = "Proyecto 03", "Proyecto 03\Proyecto 03.csproj", "{8497F616-EE11-448F-9F72-51DB5E3F032B}"
EndProject
Project("{FAE04EC0-301F-11D3-BF4B-00C04F79EFBC}") = "Proyecto 04", "Proyecto 04\Proyecto 04.csproj", "{A88B2EC2-8042-45F1-AD31-FF351610C00D}"
EndProject
Project("{FAE04EC0-301F-11D3-BF4B-00C04F79EFBC}") = "Proyecto 05", "Proyecto 05\Proyecto 05.csproj", "{AF400707-A72C-4EE5-BD8C-24B4F3FCE839}"
EndProject
Project("{FAE04EC0-301F-11D3-BF4B-00C04F79EFBC}") = "Proyecto 06", "Proyecto 06\Proyecto 06.csproj", "{3E288BE3-681D-469B-9AF6-F8CA659B9145}"
EndProject
Global
	GlobalSection(SolutionConfigurationPlatforms) = preSolution
		Debug|Any CPU = Debug|Any CPU
		Release|Any CPU = Release|Any CPU
	EndGlobalSection
	GlobalSection(ProjectConfigurationPlatforms) = postSolution
		{EBEB2ECD-2EE0-4B21-A20F-106F03DCB792}.Debug|Any CPU.ActiveCfg = Debug|Any CPU
		{EBEB2ECD-2EE0-4B21-A20F-106F03DCB792}.Debug|Any CPU.Build.0 = Debug|Any CPU
		{EBEB2ECD-2EE0-4B21-A20F-106F03DCB792}.Release|Any CPU.ActiveCfg = Release|Any CPU
		{EBEB2ECD-2EE0-4B21-A20F-106F03DCB792}.Release|Any CPU.Build.0 = Release|Any CPU
		{F644D74F-4B78-41B4-8311-E2D937AD9E1A}.Debug|Any CPU.ActiveCfg = Debug|Any CPU
		{F644D74F-4B78-41B4-8311-E2D937AD9E1A}.Debug|Any CPU.Build.0 = Debug|Any CPU
		{F644D74F-4B78-41B4-8311-E2D937AD9E1A}.Release|Any CPU.ActiveCfg = Release|Any CPU
		{F644D74F-4B78-41B4-8311-E2D937AD9E1A}.Release|Any CPU.Build.0 = Release|Any CPU
		{8497F616-EE11-448F-9F72-51DB5E3F032B}.Debug|Any CPU.ActiveCfg = Debug|Any CPU
		{8497F616-EE11-448F-9F72-51DB5E3F032B}.Debug|Any CPU.Build.0 = Debug|Any CPU
		{8497F616-EE11-448F-9F72-51DB5E3F032B}.Release|Any CPU.ActiveCfg = Release|Any CPU
		{8497F616-EE11-448F-9F72-51DB5E3F032B}.Release|Any CPU.Build.0 = Release|Any CPU
		{A88B2EC2-8042-45F1-AD31-FF351610C00D}.Debug|Any CPU.ActiveCfg = Debug|Any CPU
		{A88B2EC2-8042-45F1-AD31-FF351610C00D}.Debug|Any CPU.Build.0 = Debug|Any CPU
		{A88B2EC2-8042-45F1-AD31-FF351610C00D}.Release|Any CPU.ActiveCfg = Release|Any CPU
		{A88B2EC2-8042-45F1-AD31-FF351610C00D}.Release|Any CPU.Build.0 = Release|Any CPU
		{AF400707-A72C-4EE5-BD8C-24B4F3FCE839}.Debug|Any CPU.ActiveCfg = Debug|Any CPU
		{AF400707-A72C-4EE5-BD8C-24B4F3FCE839}.Debug|Any CPU.Build.0 = Debug|Any CPU
		{AF400707-A72C-4EE5-BD8C-24B4F3FCE839}.Release|Any CPU.ActiveCfg = Release|Any CPU
		{AF400707-A72C-4EE5-BD8C-24B4F3FCE839}.Release|Any CPU.Build.0 = Release|Any CPU
		{3E288BE3-681D-469B-9AF6-F8CA659B9145}.Debug|Any CPU.ActiveCfg = Debug|Any CPU
		{3E288BE3-681D-469B-9AF6-F8CA659B9145}.Debug|Any CPU.Build.0 = Debug|Any CPU
		{3E288BE3-681D-469B-9AF6-F8CA659B9145}.Release|Any CPU.ActiveCfg = Release|Any CPU
		{3E288BE3-681D-469B-9AF6-F8CA659B9145}.Release|Any CPU.Build.0 = Release|Any CPU
	EndGlobalSection
	GlobalSection(SolutionProperties) = preSolution
		HideSolutionNode = FALSE
	EndGlobalSection
	GlobalSection(ExtensibilityGlobals) = postSolution
		SolutionGuid = {4E48E653-448D-4CB2-8F80-EF455DFEB24B}
	EndGlobalSection
EndGlobal
