
Microsoft Visual Studio Solution File, Format Version 12.00
# Visual Studio Version 17
VisualStudioVersion = 17.9.34714.143
MinimumVisualStudioVersion = 10.0.40219.1
Project("{FAE04EC0-301F-11D3-BF4B-00C04F79EFBC}") = "Proyecto 01", "Proyecto 01\Proyecto 01.csproj", "{5E705D25-9581-4D33-B9D5-1FFAE8A7C4EE}"
EndProject
Project("{FAE04EC0-301F-11D3-BF4B-00C04F79EFBC}") = "Proyecto 02", "Proyecto 02\Proyecto 02.csproj", "{308E327A-0A02-4BFD-B27E-969C3D0A0770}"
EndProject
Project("{FAE04EC0-301F-11D3-BF4B-00C04F79EFBC}") = "Proyecto 03", "Proyecto 03\Proyecto 03.csproj", "{2EFB2D00-020A-42C6-938D-8E64116A653C}"
EndProject
Global
	GlobalSection(SolutionConfigurationPlatforms) = preSolution
		Debug|Any CPU = Debug|Any CPU
		Release|Any CPU = Release|Any CPU
	EndGlobalSection
	GlobalSection(ProjectConfigurationPlatforms) = postSolution
		{5E705D25-9581-4D33-B9D5-1FFAE8A7C4EE}.Debug|Any CPU.ActiveCfg = Debug|Any CPU
		{5E705D25-9581-4D33-B9D5-1FFAE8A7C4EE}.Debug|Any CPU.Build.0 = Debug|Any CPU
		{5E705D25-9581-4D33-B9D5-1FFAE8A7C4EE}.Release|Any CPU.ActiveCfg = Release|Any CPU
		{5E705D25-9581-4D33-B9D5-1FFAE8A7C4EE}.Release|Any CPU.Build.0 = Release|Any CPU
		{308E327A-0A02-4BFD-B27E-969C3D0A0770}.Debug|Any CPU.ActiveCfg = Debug|Any CPU
		{308E327A-0A02-4BFD-B27E-969C3D0A0770}.Debug|Any CPU.Build.0 = Debug|Any CPU
		{308E327A-0A02-4BFD-B27E-969C3D0A0770}.Release|Any CPU.ActiveCfg = Release|Any CPU
		{308E327A-0A02-4BFD-B27E-969C3D0A0770}.Release|Any CPU.Build.0 = Release|Any CPU
		{2EFB2D00-020A-42C6-938D-8E64116A653C}.Debug|Any CPU.ActiveCfg = Debug|Any CPU
		{2EFB2D00-020A-42C6-938D-8E64116A653C}.Debug|Any CPU.Build.0 = Debug|Any CPU
		{2EFB2D00-020A-42C6-938D-8E64116A653C}.Release|Any CPU.ActiveCfg = Release|Any CPU
		{2EFB2D00-020A-42C6-938D-8E64116A653C}.Release|Any CPU.Build.0 = Release|Any CPU
	EndGlobalSection
	GlobalSection(SolutionProperties) = preSolution
		HideSolutionNode = FALSE
	EndGlobalSection
	GlobalSection(ExtensibilityGlobals) = postSolution
		SolutionGuid = {F710E55A-B099-4303-9840-4B432E22CD81}
	EndGlobalSection
EndGlobal
