
Microsoft Visual Studio Solution File, Format Version 12.00
# Visual Studio Version 17
VisualStudioVersion = 17.9.34714.143
MinimumVisualStudioVersion = 10.0.40219.1
Project("{FAE04EC0-301F-11D3-BF4B-00C04F79EFBC}") = "Proyecto 01", "Proyecto 01\Proyecto 01.csproj", "{5E705D25-9581-4D33-B9D5-1FFAE8A7C4EE}"
EndProject
Project("{FAE04EC0-301F-11D3-BF4B-00C04F79EFBC}") = "Proyecto 02", "Proyecto 02\Proyecto 02.csproj", "{308E327A-0A02-4BFD-B27E-969C3D0A0770}"
EndProject
Project("{FAE04EC0-301F-11D3-BF4B-00C04F79EFBC}") = "Proyecto 03", "Proyecto 03\Proyecto 03.csproj", "{2EFB2D00-020A-42C6-938D-8E64116A653C}"
EndProject
Project("{FAE04EC0-301F-11D3-BF4B-00C04F79EFBC}") = "proyecto 04", "proyecto 04\proyecto 04.csproj", "{6E762DEA-E7FD-441B-A316-63DAAB6AFCD7}"
EndProject
Project("{FAE04EC0-301F-11D3-BF4B-00C04F79EFBC}") = "proyecto 05", "proyecto 05\proyecto 05.csproj", "{1B485D0D-93C9-4319-87E3-3A900343F8B5}"
EndProject
Project("{FAE04EC0-301F-11D3-BF4B-00C04F79EFBC}") = "proyecto 06", "proyecto 06\proyecto 06.csproj", "{944C9F57-372F-4FCC-9D33-E5C5FEBA7EDC}"
EndProject
Project("{FAE04EC0-301F-11D3-BF4B-00C04F79EFBC}") = "proyecto 07", "proyecto 07\proyecto 07.csproj", "{477EDDC8-751E-4F44-82C6-1C1C1891B5A7}"
EndProject
Project("{FAE04EC0-301F-11D3-BF4B-00C04F79EFBC}") = "proyecto 08", "proyecto 08\proyecto 08.csproj", "{9BD26CBB-B569-4316-A45A-B2B03452AB5D}"
EndProject
Project("{FAE04EC0-301F-11D3-BF4B-00C04F79EFBC}") = "proyecto 09", "proyecto 09\proyecto 09.csproj", "{B03A57AE-2F4D-46F7-BFD0-8BA452BD5DBB}"
EndProject
Project("{FAE04EC0-301F-11D3-BF4B-00C04F79EFBC}") = "proyecto 10", "proyecto 10\proyecto 10.csproj", "{6A046068-4F84-403A-9A25-C7FAFDF2CE7D}"
EndProject
Project("{FAE04EC0-301F-11D3-BF4B-00C04F79EFBC}") = "proyecto 11", "proyecto 11\proyecto 11.csproj", "{DFA82D9D-6A0D-4F8B-85C1-02FD99D34312}"
EndProject
Global
	GlobalSection(SolutionConfigurationPlatforms) = preSolution
		Debug|Any CPU = Debug|Any CPU
		Release|Any CPU = Release|Any CPU
	EndGlobalSection
	GlobalSection(ProjectConfigurationPlatforms) = postSolution
		{5E705D25-9581-4D33-B9D5-1FFAE8A7C4EE}.Debug|Any CPU.ActiveCfg = Debug|Any CPU
		{5E705D25-9581-4D33-B9D5-1FFAE8A7C4EE}.Debug|Any CPU.Build.0 = Debug|Any CPU
		{5E705D25-9581-4D33-B9D5-1FFAE8A7C4EE}.Release|Any CPU.ActiveCfg = Release|Any CPU
		{5E705D25-9581-4D33-B9D5-1FFAE8A7C4EE}.Release|Any CPU.Build.0 = Release|Any CPU
		{308E327A-0A02-4BFD-B27E-969C3D0A0770}.Debug|Any CPU.ActiveCfg = Debug|Any CPU
		{308E327A-0A02-4BFD-B27E-969C3D0A0770}.Debug|Any CPU.Build.0 = Debug|Any CPU
		{308E327A-0A02-4BFD-B27E-969C3D0A0770}.Release|Any CPU.ActiveCfg = Release|Any CPU
		{308E327A-0A02-4BFD-B27E-969C3D0A0770}.Release|Any CPU.Build.0 = Release|Any CPU
		{2EFB2D00-020A-42C6-938D-8E64116A653C}.Debug|Any CPU.ActiveCfg = Debug|Any CPU
		{2EFB2D00-020A-42C6-938D-8E64116A653C}.Debug|Any CPU.Build.0 = Debug|Any CPU
		{2EFB2D00-020A-42C6-938D-8E64116A653C}.Release|Any CPU.ActiveCfg = Release|Any CPU
		{2EFB2D00-020A-42C6-938D-8E64116A653C}.Release|Any CPU.Build.0 = Release|Any CPU
		{6E762DEA-E7FD-441B-A316-63DAAB6AFCD7}.Debug|Any CPU.ActiveCfg = Debug|Any CPU
		{6E762DEA-E7FD-441B-A316-63DAAB6AFCD7}.Debug|Any CPU.Build.0 = Debug|Any CPU
		{6E762DEA-E7FD-441B-A316-63DAAB6AFCD7}.Release|Any CPU.ActiveCfg = Release|Any CPU
		{6E762DEA-E7FD-441B-A316-63DAAB6AFCD7}.Release|Any CPU.Build.0 = Release|Any CPU
		{1B485D0D-93C9-4319-87E3-3A900343F8B5}.Debug|Any CPU.ActiveCfg = Debug|Any CPU
		{1B485D0D-93C9-4319-87E3-3A900343F8B5}.Debug|Any CPU.Build.0 = Debug|Any CPU
		{1B485D0D-93C9-4319-87E3-3A900343F8B5}.Release|Any CPU.ActiveCfg = Release|Any CPU
		{1B485D0D-93C9-4319-87E3-3A900343F8B5}.Release|Any CPU.Build.0 = Release|Any CPU
		{944C9F57-372F-4FCC-9D33-E5C5FEBA7EDC}.Debug|Any CPU.ActiveCfg = Debug|Any CPU
		{944C9F57-372F-4FCC-9D33-E5C5FEBA7EDC}.Debug|Any CPU.Build.0 = Debug|Any CPU
		{944C9F57-372F-4FCC-9D33-E5C5FEBA7EDC}.Release|Any CPU.ActiveCfg = Release|Any CPU
		{944C9F57-372F-4FCC-9D33-E5C5FEBA7EDC}.Release|Any CPU.Build.0 = Release|Any CPU
		{477EDDC8-751E-4F44-82C6-1C1C1891B5A7}.Debug|Any CPU.ActiveCfg = Debug|Any CPU
		{477EDDC8-751E-4F44-82C6-1C1C1891B5A7}.Debug|Any CPU.Build.0 = Debug|Any CPU
		{477EDDC8-751E-4F44-82C6-1C1C1891B5A7}.Release|Any CPU.ActiveCfg = Release|Any CPU
		{477EDDC8-751E-4F44-82C6-1C1C1891B5A7}.Release|Any CPU.Build.0 = Release|Any CPU
		{9BD26CBB-B569-4316-A45A-B2B03452AB5D}.Debug|Any CPU.ActiveCfg = Debug|Any CPU
		{9BD26CBB-B569-4316-A45A-B2B03452AB5D}.Debug|Any CPU.Build.0 = Debug|Any CPU
		{9BD26CBB-B569-4316-A45A-B2B03452AB5D}.Release|Any CPU.ActiveCfg = Release|Any CPU
		{9BD26CBB-B569-4316-A45A-B2B03452AB5D}.Release|Any CPU.Build.0 = Release|Any CPU
		{B03A57AE-2F4D-46F7-BFD0-8BA452BD5DBB}.Debug|Any CPU.ActiveCfg = Debug|Any CPU
		{B03A57AE-2F4D-46F7-BFD0-8BA452BD5DBB}.Debug|Any CPU.Build.0 = Debug|Any CPU
		{B03A57AE-2F4D-46F7-BFD0-8BA452BD5DBB}.Release|Any CPU.ActiveCfg = Release|Any CPU
		{B03A57AE-2F4D-46F7-BFD0-8BA452BD5DBB}.Release|Any CPU.Build.0 = Release|Any CPU
		{6A046068-4F84-403A-9A25-C7FAFDF2CE7D}.Debug|Any CPU.ActiveCfg = Debug|Any CPU
		{6A046068-4F84-403A-9A25-C7FAFDF2CE7D}.Debug|Any CPU.Build.0 = Debug|Any CPU
		{6A046068-4F84-403A-9A25-C7FAFDF2CE7D}.Release|Any CPU.ActiveCfg = Release|Any CPU
		{6A046068-4F84-403A-9A25-C7FAFDF2CE7D}.Release|Any CPU.Build.0 = Release|Any CPU
		{DFA82D9D-6A0D-4F8B-85C1-02FD99D34312}.Debug|Any CPU.ActiveCfg = Debug|Any CPU
		{DFA82D9D-6A0D-4F8B-85C1-02FD99D34312}.Debug|Any CPU.Build.0 = Debug|Any CPU
		{DFA82D9D-6A0D-4F8B-85C1-02FD99D34312}.Release|Any CPU.ActiveCfg = Release|Any CPU
		{DFA82D9D-6A0D-4F8B-85C1-02FD99D34312}.Release|Any CPU.Build.0 = Release|Any CPU
	EndGlobalSection
	GlobalSection(SolutionProperties) = preSolution
		HideSolutionNode = FALSE
	EndGlobalSection
	GlobalSection(ExtensibilityGlobals) = postSolution
		SolutionGuid = {F710E55A-B099-4303-9840-4B432E22CD81}
	EndGlobalSection
EndGlobal
